# This file is automatically @generated by Poetry 1.7.1 and should not be changed by hand.

[[package]]
name = "ecdsa"
version = "0.18.0"
description = "ECDSA cryptographic signature library (pure python)"
optional = false
python-versions = ">=2.6, !=3.0.*, !=3.1.*, !=3.2.*"
files = [
    {file = "ecdsa-0.18.0-py2.py3-none-any.whl", hash = "sha256:80600258e7ed2f16b9aa1d7c295bd70194109ad5a30fdee0eaeefef1d4c559dd"},
    {file = "ecdsa-0.18.0.tar.gz", hash = "sha256:190348041559e21b22a1d65cee485282ca11a6f81d503fddb84d5017e9ed1e49"},
]

[package.dependencies]
six = ">=1.9.0"

[package.extras]
gmpy = ["gmpy"]
gmpy2 = ["gmpy2"]

[[package]]
name = "six"
version = "1.16.0"
description = "Python 2 and 3 compatibility utilities"
optional = false
python-versions = ">=2.7, !=3.0.*, !=3.1.*, !=3.2.*"
files = [
    {file = "six-1.16.0-py2.py3-none-any.whl", hash = "sha256:8abb2f1d86890a2dfb989f9a77cfcfd3e47c2a354b01111771326f8aa26e0254"},
    {file = "six-1.16.0.tar.gz", hash = "sha256:1e61c37477a1626458e36f7b1d82aa5c9b094fa4802892072e49de9c60c4c926"},
]

[metadata]
lock-version = "2.0"
python-versions = "^3.10"
content-hash = "8202a4104c452ca22fc19d1d5afa8e083b34631694bf925d7737b707ed8b52b8"
